
Microsoft Visual Studio Solution File, Format Version 11.00
# Visual Studio 2010
Project("{FAE04EC0-301F-11D3-BF4B-00C04F79EFBC}") = "TemplateImport", "TemplateImport\TemplateImport.csproj", "{618898fc-d91b-46c5-a521-6ee6475b7a08}"
EndProject
Global
	GlobalSection(SolutionConfigurationPlatforms) = preSolution
		Debug|Any CPU = Debug|Any CPU
		Release|Any CPU = Release|Any CPU
	EndGlobalSection
	GlobalSection(ProjectConfigurationPlatforms) = postSolution
		{618898FC-D91B-46C5-A521-6EE6475B7A08}.Debug|Any CPU.ActiveCfg = Debug|Any CPU
		{618898FC-D91B-46C5-A521-6EE6475B7A08}.Debug|Any CPU.Build.0 = Debug|Any CPU
		{618898FC-D91B-46C5-A521-6EE6475B7A08}.Release|Any CPU.ActiveCfg = Release|Any CPU
		{618898FC-D91B-46C5-A521-6EE6475B7A08}.Release|Any CPU.Build.0 = Release|Any CPU
	EndGlobalSection
EndGlobal
